
Microsoft Visual Studio Solution File, Format Version 12.00
# Visual Studio Version 16
VisualStudioVersion = 16.0.33130.400
MinimumVisualStudioVersion = 10.0.40219.1
Project("{FAE04EC0-301F-11D3-BF4B-00C04F79EFBC}") = "PixelRuler", "PixelRuler\PixelRuler.csproj", "{CFD5B15A-BDAD-443F-8533-32422EF6085E}"
EndProject
Global
	GlobalSection(SolutionConfigurationPlatforms) = preSolution
		Debug|Any CPU = Debug|Any CPU
		Release|Any CPU = Release|Any CPU
	EndGlobalSection
	GlobalSection(ProjectConfigurationPlatforms) = postSolution
		{CFD5B15A-BDAD-443F-8533-32422EF6085E}.Debug|Any CPU.ActiveCfg = Debug|Any CPU
		{CFD5B15A-BDAD-443F-8533-32422EF6085E}.Debug|Any CPU.Build.0 = Debug|Any CPU
		{CFD5B15A-BDAD-443F-8533-32422EF6085E}.Release|Any CPU.ActiveCfg = Release|Any CPU
		{CFD5B15A-BDAD-443F-8533-32422EF6085E}.Release|Any CPU.Build.0 = Release|Any CPU
	EndGlobalSection
	GlobalSection(SolutionProperties) = preSolution
		HideSolutionNode = FALSE
	EndGlobalSection
	GlobalSection(ExtensibilityGlobals) = postSolution
		SolutionGuid = {E0BAA787-9DED-4521-B481-F3C8A3294B8D}
	EndGlobalSection
EndGlobal
